
Microsoft Visual Studio Solution File, Format Version 12.00
# Visual Studio Version 16
VisualStudioVersion = 16.0.30413.136
MinimumVisualStudioVersion = 10.0.40219.1
Project("{FAE04EC0-301F-11D3-BF4B-00C04F79EFBC}") = "FormsElements", "FormsElements\FormsElements.csproj", "{415463E7-D34A-481F-A71C-1EC70316AEEB}"
EndProject
Global
	GlobalSection(SolutionConfigurationPlatforms) = preSolution
		Debug|Any CPU = Debug|Any CPU
		Release|Any CPU = Release|Any CPU
	EndGlobalSection
	GlobalSection(ProjectConfigurationPlatforms) = postSolution
		{415463E7-D34A-481F-A71C-1EC70316AEEB}.Debug|Any CPU.ActiveCfg = Debug|Any CPU
		{415463E7-D34A-481F-A71C-1EC70316AEEB}.Debug|Any CPU.Build.0 = Debug|Any CPU
		{415463E7-D34A-481F-A71C-1EC70316AEEB}.Release|Any CPU.ActiveCfg = Release|Any CPU
		{415463E7-D34A-481F-A71C-1EC70316AEEB}.Release|Any CPU.Build.0 = Release|Any CPU
	EndGlobalSection
	GlobalSection(SolutionProperties) = preSolution
		HideSolutionNode = FALSE
	EndGlobalSection
	GlobalSection(ExtensibilityGlobals) = postSolution
		SolutionGuid = {B035D224-FB08-4FFB-9819-A225DDFADE29}
	EndGlobalSection
EndGlobal
